
Microsoft Visual Studio Solution File, Format Version 12.00
# Visual Studio 2012
Project("{FAE04EC0-301F-11D3-BF4B-00C04F79EFBC}") = "ProjectEuler", "ProjectEuler\ProjectEuler.csproj", "{0936F49C-74E1-4365-AC44-5A908170B15A}"
EndProject
Global
	GlobalSection(SolutionConfigurationPlatforms) = preSolution
		Debug|Any CPU = Debug|Any CPU
		Release|Any CPU = Release|Any CPU
	EndGlobalSection
	GlobalSection(ProjectConfigurationPlatforms) = postSolution
		{0936F49C-74E1-4365-AC44-5A908170B15A}.Debug|Any CPU.ActiveCfg = Debug|Any CPU
		{0936F49C-74E1-4365-AC44-5A908170B15A}.Debug|Any CPU.Build.0 = Debug|Any CPU
		{0936F49C-74E1-4365-AC44-5A908170B15A}.Release|Any CPU.ActiveCfg = Release|Any CPU
		{0936F49C-74E1-4365-AC44-5A908170B15A}.Release|Any CPU.Build.0 = Release|Any CPU
	EndGlobalSection
	GlobalSection(SolutionProperties) = preSolution
		HideSolutionNode = FALSE
	EndGlobalSection
EndGlobal
